{
  "nodes": {
    "dfinity-sdk": {
      "flake": false,
      "locked": {
        "lastModified": 1678704732,
        "narHash": "sha256-uXaufTSkytBKF/MkCwRoZwL+oqxCmSkNi5muQ6Ce95o=",
        "owner": "nomeata",
        "repo": "nixpkgs-dfinity-sdk",
        "rev": "3c6d9bbb3fdab45b315d3e5761dcaa7b2168396f",
        "type": "github"
      },
      "original": {
        "owner": "nomeata",
        "ref": "joachim/0.13.1",
        "repo": "nixpkgs-dfinity-sdk",
        "type": "github"
      }
    },
    "nixpkgs": {
      "locked": {
        "lastModified": 1690835256,
        "narHash": "sha256-SZy/Nvwbf6CorhEsvmjqgjoYNLnRfaKVZMfSnpUDPnc=",
        "owner": "NixOS",
        "repo": "nixpkgs",
        "rev": "b7cde1c47b7316f6138a2b36ef6627f3d16d645c",
        "type": "github"
      },
      "original": {
        "owner": "NixOS",
        "ref": "release-23.05",
        "repo": "nixpkgs",
        "type": "github"
      }
    },
    "root": {
      "inputs": {
        "dfinity-sdk": "dfinity-sdk",
        "nixpkgs": "nixpkgs"
      }
    }
  },
  "root": "root",
  "version": 7
}
