{
  "nodes": {
    "dfinity-sdk": {
      "flake": false,
      "locked": {
        "lastModified": 1694696026,
        "narHash": "sha256-G1wtjtcS8VhvTMGZode2G0UW3l5ezhBj/96i8FxXPZY=",
        "owner": "nomeata",
        "repo": "nixpkgs-dfinity-sdk",
        "rev": "3f62b01f7a3052fad4e17ca158383e4b8fe4ebfa",
        "type": "github"
      },
      "original": {
        "owner": "nomeata",
        "ref": "joachim/0.13.1",
        "repo": "nixpkgs-dfinity-sdk",
        "type": "github"
      }
    },
    "motoko": {
      "flake": false,
      "locked": {
        "lastModified": 1694433996,
        "narHash": "sha256-txgfrXPqfOAYam1InJUlg+XHS93uDm1iFLri1c65rhA=",
        "owner": "dfinity",
        "repo": "motoko",
        "rev": "e1dddb51703bd138fc1ef5b45e76f06807bb5634",
        "type": "github"
      },
      "original": {
        "owner": "dfinity",
        "ref": "0.10.0",
        "repo": "motoko",
        "type": "github"
      }
    },
    "nixpkgs": {
      "locked": {
        "lastModified": 1694680026,
        "narHash": "sha256-Q7fszWVjRdAGbbk1KH/xdG8hLQ4i5yiA0Lb7LJ8bydg=",
        "owner": "NixOS",
        "repo": "nixpkgs",
        "rev": "2885d712a1993a223ee411c7045dac679cc93b65",
        "type": "github"
      },
      "original": {
        "owner": "NixOS",
        "ref": "release-23.05",
        "repo": "nixpkgs",
        "type": "github"
      }
    },
    "root": {
      "inputs": {
        "dfinity-sdk": "dfinity-sdk",
        "motoko": "motoko",
        "nixpkgs": "nixpkgs"
      }
    }
  },
  "root": "root",
  "version": 7
}
